
Microsoft Visual Studio Solution File, Format Version 12.00
# Visual Studio Version 16
VisualStudioVersion = 16.0.28606.126
MinimumVisualStudioVersion = 10.0.40219.1
Project("{888888A0-9F3D-457C-B088-3A5042F75D52}") = "PythonBase", "PythonBase.pyproj", "{3FB7EC10-E94B-4B7C-A2AF-1E35000113EB}"
EndProject
Global
	GlobalSection(SolutionConfigurationPlatforms) = preSolution
		Debug|Any CPU = Debug|Any CPU
		Release|Any CPU = Release|Any CPU
	EndGlobalSection
	GlobalSection(ProjectConfigurationPlatforms) = postSolution
		{3FB7EC10-E94B-4B7C-A2AF-1E35000113EB}.Debug|Any CPU.ActiveCfg = Debug|Any CPU
		{3FB7EC10-E94B-4B7C-A2AF-1E35000113EB}.Release|Any CPU.ActiveCfg = Release|Any CPU
	EndGlobalSection
	GlobalSection(SolutionProperties) = preSolution
		HideSolutionNode = FALSE
	EndGlobalSection
	GlobalSection(ExtensibilityGlobals) = postSolution
		SolutionGuid = {DBC6EA37-60CB-4C54-A07A-D5EE8E097FC5}
	EndGlobalSection
EndGlobal
